<?xml version="1.0" encoding="utf-8"?>
<Project ToolsVersion="4.0" xmlns="http://schemas.microsoft.com/developer/msbuild/2003">
  <ItemGroup>
    <Filter Include="资源文件">
      <UniqueIdentifier>{67DA6AB6-F800-4c08-8B7A-83BB121AAD01}</UniqueIdentifier>
      <Extensions>rc;ico;cur;bmp;dlg;rc2;rct;bin;rgs;gif;jpg;jpeg;jpe;resx;tiff;tif;png;wav;mfcribbon-ms</Extensions>
    </Filter>
    <Filter Include="Math">
      <UniqueIdentifier>{30a88841-1220-49f4-83ba-6116ec06746a}</UniqueIdentifier>
    </Filter>
    <Filter Include="Source">
      <UniqueIdentifier>{1486a7ba-b448-4ee0-aa4c-5111c1d82c9f}</UniqueIdentifier>
    </Filter>
  </ItemGroup>
  <ItemGroup>
    <ClInclude Include="Math\vector2f.h">
      <Filter>Math</Filter>
    </ClInclude>
    <ClInclude Include="Source\define.h">
      <Filter>Source</Filter>
    </ClInclude>
    <ClInclude Include="Math\vector3f.h">
      <Filter>Math</Filter>
    </ClInclude>
    <ClInclude Include="Math\vector4f.h">
      <Filter>Math</Filter>
    </ClInclude>
    <ClInclude Include="Math\matrix4x4.h">
      <Filter>Math</Filter>
    </ClInclude>
    <ClInclude Include="Math\quaternion.h">
      <Filter>Math</Filter>
    </ClInclude>
    <ClInclude Include="Math\plane.h">
      <Filter>Math</Filter>
    </ClInclude>
  </ItemGroup>
  <ItemGroup>
    <ClCompile Include="Source\main.cpp">
      <Filter>Source</Filter>
    </ClCompile>
    <ClCompile Include="Math\vector3f.cpp">
      <Filter>Math</Filter>
    </ClCompile>
    <ClCompile Include="Math\vector4f.cpp">
      <Filter>Math</Filter>
    </ClCompile>
    <ClCompile Include="Math\matrix4x4.cpp">
      <Filter>Math</Filter>
    </ClCompile>
    <ClCompile Include="Math\vector2f.cpp">
      <Filter>Math</Filter>
    </ClCompile>
    <ClCompile Include="Math\quaternion.cpp">
      <Filter>Math</Filter>
    </ClCompile>
    <ClCompile Include="Math\plane.cpp">
      <Filter>Math</Filter>
    </ClCompile>
  </ItemGroup>
</Project>